
Microsoft Visual Studio Solution File, Format Version 12.00
# Visual Studio Version 17
VisualStudioVersion = 17.2.32616.157
MinimumVisualStudioVersion = 10.0.40219.1
Project("{8BC9CEB8-8B4A-11D0-8D11-00A0C91BC942}") = "baseball_game", "baseball_game\baseball_game.vcxproj", "{00F9CF92-AC53-4C16-857D-7B50D308BAFA}"
EndProject
Global
	GlobalSection(SolutionConfigurationPlatforms) = preSolution
		Debug|x64 = Debug|x64
		Debug|x86 = Debug|x86
		Release|x64 = Release|x64
		Release|x86 = Release|x86
	EndGlobalSection
	GlobalSection(ProjectConfigurationPlatforms) = postSolution
		{00F9CF92-AC53-4C16-857D-7B50D308BAFA}.Debug|x64.ActiveCfg = Debug|x64
		{00F9CF92-AC53-4C16-857D-7B50D308BAFA}.Debug|x64.Build.0 = Debug|x64
		{00F9CF92-AC53-4C16-857D-7B50D308BAFA}.Debug|x86.ActiveCfg = Debug|Win32
		{00F9CF92-AC53-4C16-857D-7B50D308BAFA}.Debug|x86.Build.0 = Debug|Win32
		{00F9CF92-AC53-4C16-857D-7B50D308BAFA}.Release|x64.ActiveCfg = Release|x64
		{00F9CF92-AC53-4C16-857D-7B50D308BAFA}.Release|x64.Build.0 = Release|x64
		{00F9CF92-AC53-4C16-857D-7B50D308BAFA}.Release|x86.ActiveCfg = Release|Win32
		{00F9CF92-AC53-4C16-857D-7B50D308BAFA}.Release|x86.Build.0 = Release|Win32
	EndGlobalSection
	GlobalSection(SolutionProperties) = preSolution
		HideSolutionNode = FALSE
	EndGlobalSection
	GlobalSection(ExtensibilityGlobals) = postSolution
		SolutionGuid = {51D16A11-4758-4461-8A9C-368EE7110977}
	EndGlobalSection
EndGlobal
